
Microsoft Visual Studio Solution File, Format Version 12.00
Project("{FAE04EC0-301F-11D3-BF4B-00C04F79EFBC}") = "WindowsFormsAppEasyCs114", "WindowsFormsAppEasyCs114\WindowsFormsAppEasyCs114.csproj", "{9FFB317B-A5D7-42F9-BCCE-B3042CD4129B}"
EndProject
Global
	GlobalSection(SolutionConfigurationPlatforms) = preSolution
		Debug|Any CPU = Debug|Any CPU
		Release|Any CPU = Release|Any CPU
	EndGlobalSection
	GlobalSection(ProjectConfigurationPlatforms) = postSolution
		{9FFB317B-A5D7-42F9-BCCE-B3042CD4129B}.Debug|Any CPU.ActiveCfg = Debug|Any CPU
		{9FFB317B-A5D7-42F9-BCCE-B3042CD4129B}.Debug|Any CPU.Build.0 = Debug|Any CPU
		{9FFB317B-A5D7-42F9-BCCE-B3042CD4129B}.Release|Any CPU.ActiveCfg = Release|Any CPU
		{9FFB317B-A5D7-42F9-BCCE-B3042CD4129B}.Release|Any CPU.Build.0 = Release|Any CPU
	EndGlobalSection
EndGlobal
